// !$*UTF8*$!
{
	archiveVersion = 1;
	classes = {
	};
	objectVersion = 46;
	objects = {

/* Begin PBXBuildFile section */
		62BDC9641B552CC100F9CAF7 /* v1.c in Sources */ = {isa = PBXBuildFile; fileRef = 62D2B31E1B4FE99C00EF2008 /* v1.c */; };
/* End PBXBuildFile section */

/* Begin PBXCopyFilesBuildPhase section */
		62D2B30F1B4FD30600EF2008 /* CopyFiles */ = {
			isa = PBXCopyFilesBuildPhase;
			buildActionMask = 2147483647;
			dstPath = /usr/share/man/man1/;
			dstSubfolderSpec = 0;
			files = (
			);
			runOnlyForDeploymentPostprocessing = 1;
		};
/* End PBXCopyFilesBuildPhase section */

/* Begin PBXFileReference section */
		62D2B3111B4FD30600EF2008 /* 中国像棋 */ = {isa = PBXFileReference; explicitFileType = "compiled.mach-o.executable"; includeInIndex = 0; path = "中国像棋"; sourceTree = BUILT_PRODUCTS_DIR; };
		62D2B3141B4FD30600EF2008 /* main.c */ = {isa = PBXFileReference; lastKnownFileType = sourcecode.c.c; path = main.c; sourceTree = "<group>"; };
		62D2B31B1B4FE8F400EF2008 /* test.c */ = {isa = PBXFileReference; fileEncoding = 4; lastKnownFileType = sourcecode.c.c; path = test.c; sourceTree = "<group>"; };
		62D2B31E1B4FE99C00EF2008 /* v1.c */ = {isa = PBXFileReference; fileEncoding = 4; lastKnownFileType = sourcecode.c.c; path = v1.c; sourceTree = "<group>"; };
/* End PBXFileReference section */

/* Begin PBXFrameworksBuildPhase section */
		62D2B30E1B4FD30600EF2008 /* Frameworks */ = {
			isa = PBXFrameworksBuildPhase;
			buildActionMask = 2147483647;
			files = (
			);
			runOnlyForDeploymentPostprocessing = 0;
		};
/* End PBXFrameworksBuildPhase section */

/* Begin PBXGroup section */
		62D2B3081B4FD30600EF2008 = {
			isa = PBXGroup;
			children = (
				62D2B3131B4FD30600EF2008 /* 中国像棋 */,
				62D2B3121B4FD30600EF2008 /* Products */,
			);
			sourceTree = "<group>";
		};
		62D2B3121B4FD30600EF2008 /* Products */ = {
			isa = PBXGroup;
			children = (
				62D2B3111B4FD30600EF2008 /* 中国像棋 */,
			);
			name = Products;
			sourceTree = "<group>";
		};
		62D2B3131B4FD30600EF2008 /* 中国像棋 */ = {
			isa = PBXGroup;
			children = (
				62D2B3141B4FD30600EF2008 /* main.c */,
				62D2B31B1B4FE8F400EF2008 /* test.c */,
				62D2B31E1B4FE99C00EF2008 /* v1.c */,
			);
			path = "中国像棋";
			sourceTree = "<group>";
		};
/* End PBXGroup section */

/* Begin PBXNativeTarget section */
		62D2B3101B4FD30600EF2008 /* 中国像棋 */ = {
			isa = PBXNativeTarget;
			buildConfigurationList = 62D2B3181B4FD30600EF2008 /* Build configuration list for PBXNativeTarget "中国像棋" */;
			buildPhases = (
				62D2B30D1B4FD30600EF2008 /* Sources */,
				62D2B30E1B4FD30600EF2008 /* Frameworks */,
				62D2B30F1B4FD30600EF2008 /* CopyFiles */,
			);
			buildRules = (
			);
			dependencies = (
			);
			name = "中国像棋";
			productName = "中国像棋";
			productReference = 62D2B3111B4FD30600EF2008 /* 中国像棋 */;
			productType = "com.apple.product-type.tool";
		};
/* End PBXNativeTarget section */

/* Begin PBXProject section */
		62D2B3091B4FD30600EF2008 /* Project object */ = {
			isa = PBXProject;
			attributes = {
				LastUpgradeCheck = 0630;
				ORGANIZATIONNAME = tarena;
				TargetAttributes = {
					62D2B3101B4FD30600EF2008 = {
						CreatedOnToolsVersion = 6.3.1;
					};
				};
			};
			buildConfigurationList = 62D2B30C1B4FD30600EF2008 /* Build configuration list for PBXProject "中国像棋" */;
			compatibilityVersion = "Xcode 3.2";
			developmentRegion = English;
			hasScannedForEncodings = 0;
			knownRegions = (
				en,
			);
			mainGroup = 62D2B3081B4FD30600EF2008;
			productRefGroup = 62D2B3121B4FD30600EF2008 /* Products */;
			projectDirPath = "";
			projectRoot = "";
			targets = (
				62D2B3101B4FD30600EF2008 /* 中国像棋 */,
			);
		};
/* End PBXProject section */

/* Begin PBXSourcesBuildPhase section */
		62D2B30D1B4FD30600EF2008 /* Sources */ = {
			isa = PBXSourcesBuildPhase;
			buildActionMask = 2147483647;
			files = (
				62BDC9641B552CC100F9CAF7 /* v1.c in Sources */,
			);
			runOnlyForDeploymentPostprocessing = 0;
		};
/* End PBXSourcesBuildPhase section */

/* Begin XCBuildConfiguration section */
		62D2B3161B4FD30600EF2008 /* Debug */ = {
			isa = XCBuildConfiguration;
			buildSettings = {
				ALWAYS_SEARCH_USER_PATHS = NO;
				CLANG_CXX_LANGUAGE_STANDARD = "gnu++0x";
				CLANG_CXX_LIBRARY = "libc++";
				CLANG_ENABLE_MODULES = YES;
				CLANG_ENABLE_OBJC_ARC = YES;
				CLANG_WARN_BOOL_CONVERSION = YES;
				CLANG_WARN_CONSTANT_CONVERSION = YES;
				CLANG_WARN_DIRECT_OBJC_ISA_USAGE = YES_ERROR;
				CLANG_WARN_EMPTY_BODY = YES;
				CLANG_WARN_ENUM_CONVERSION = YES;
				CLANG_WARN_INT_CONVERSION = YES;
				CLANG_WARN_OBJC_ROOT_CLASS = YES_ERROR;
				CLANG_WARN_UNREACHABLE_CODE = YES;
				CLANG_WARN__DUPLICATE_METHOD_MATCH = YES;
				COPY_PHASE_STRIP = NO;
				DEBUG_INFORMATION_FORMAT = dwarf;
				ENABLE_STRICT_OBJC_MSGSEND = YES;
				GCC_C_LANGUAGE_STANDARD = gnu99;
				GCC_DYNAMIC_NO_PIC = NO;
				GCC_NO_COMMON_BLOCKS = YES;
				GCC_OPTIMIZATION_LEVEL = 0;
				GCC_PREPROCESSOR_DEFINITIONS = (
					"DEBUG=1",
					"$(inherited)",
				);
				GCC_SYMBOLS_PRIVATE_EXTERN = NO;
				GCC_WARN_64_TO_32_BIT_CONVERSION = YES;
				GCC_WARN_ABOUT_RETURN_TYPE = YES_ERROR;
				GCC_WARN_UNDECLARED_SELECTOR = YES;
				GCC_WARN_UNINITIALIZED_AUTOS = YES_AGGRESSIVE;
				GCC_WARN_UNUSED_FUNCTION = YES;
				GCC_WARN_UNUSED_VARIABLE = YES;
				MACOSX_DEPLOYMENT_TARGET = 10.10;
				MTL_ENABLE_DEBUG_INFO = YES;
				ONLY_ACTIVE_ARCH = YES;
				SDKROOT = macosx;
			};
			name = Debug;
		};
		62D2B3171B4FD30600EF2008 /* Release */ = {
			isa = XCBuildConfiguration;
			buildSettings = {
				ALWAYS_SEARCH_USER_PATHS = NO;
				CLANG_CXX_LANGUAGE_STANDARD = "gnu++0x";
				CLANG_CXX_LIBRARY = "libc++";
				CLANG_ENABLE_MODULES = YES;
				CLANG_ENABLE_OBJC_ARC = YES;
				CLANG_WARN_BOOL_CONVERSION = YES;
				CLANG_WARN_CONSTANT_CONVERSION = YES;
				CLANG_WARN_DIRECT_OBJC_ISA_USAGE = YES_ERROR;
				CLANG_WARN_EMPTY_BODY = YES;
				CLANG_WARN_ENUM_CONVERSION = YES;
				CLANG_WARN_INT_CONVERSION = YES;
				CLANG_WARN_OBJC_ROOT_CLASS = YES_ERROR;
				CLANG_WARN_UNREACHABLE_CODE = YES;
				CLANG_WARN__DUPLICATE_METHOD_MATCH = YES;
				COPY_PHASE_STRIP = NO;
				DEBUG_INFORMATION_FORMAT = "dwarf-with-dsym";
				ENABLE_NS_ASSERTIONS = NO;
				ENABLE_STRICT_OBJC_MSGSEND = YES;
				GCC_C_LANGUAGE_STANDARD = gnu99;
				GCC_NO_COMMON_BLOCKS = YES;
				GCC_WARN_64_TO_32_BIT_CONVERSION = YES;
				GCC_WARN_ABOUT_RETURN_TYPE = YES_ERROR;
				GCC_WARN_UNDECLARED_SELECTOR = YES;
				GCC_WARN_UNINITIALIZED_AUTOS = YES_AGGRESSIVE;
				GCC_WARN_UNUSED_FUNCTION = YES;
				GCC_WARN_UNUSED_VARIABLE = YES;
				MACOSX_DEPLOYMENT_TARGET = 10.10;
				MTL_ENABLE_DEBUG_INFO = NO;
				SDKROOT = macosx;
			};
			name = Release;
		};
		62D2B3191B4FD30600EF2008 /* Debug */ = {
			isa = XCBuildConfiguration;
			buildSettings = {
				PRODUCT_NAME = "$(TARGET_NAME)";
			};
			name = Debug;
		};
		62D2B31A1B4FD30600EF2008 /* Release */ = {
			isa = XCBuildConfiguration;
			buildSettings = {
				PRODUCT_NAME = "$(TARGET_NAME)";
			};
			name = Release;
		};
/* End XCBuildConfiguration section */

/* Begin XCConfigurationList section */
		62D2B30C1B4FD30600EF2008 /* Build configuration list for PBXProject "中国像棋" */ = {
			isa = XCConfigurationList;
			buildConfigurations = (
				62D2B3161B4FD30600EF2008 /* Debug */,
				62D2B3171B4FD30600EF2008 /* Release */,
			);
			defaultConfigurationIsVisible = 0;
			defaultConfigurationName = Release;
		};
		62D2B3181B4FD30600EF2008 /* Build configuration list for PBXNativeTarget "中国像棋" */ = {
			isa = XCConfigurationList;
			buildConfigurations = (
				62D2B3191B4FD30600EF2008 /* Debug */,
				62D2B31A1B4FD30600EF2008 /* Release */,
			);
			defaultConfigurationIsVisible = 0;
			defaultConfigurationName = Release;
		};
/* End XCConfigurationList section */
	};
	rootObject = 62D2B3091B4FD30600EF2008 /* Project object */;
}
